// !$*UTF8*$!
{
	archiveVersion = 1;
	classes = {
	};
	objectVersion = 46;
	objects = {

/* Begin PBXBuildFile section */
		FC33A5F81D8C70D600E4CD74 /* AppDelegate.swift in Sources */ = {isa = PBXBuildFile; fileRef = FC33A5F71D8C70D600E4CD74 /* AppDelegate.swift */; };
		FC33A5FD1D8C70D700E4CD74 /* Main.storyboard in Resources */ = {isa = PBXBuildFile; fileRef = FC33A5FB1D8C70D700E4CD74 /* Main.storyboard */; };
		FC33A6001D8C70D700E4CD74 /* DreamTing.xcdatamodeld in Sources */ = {isa = PBXBuildFile; fileRef = FC33A5FE1D8C70D700E4CD74 /* DreamTing.xcdatamodeld */; };
		FC33A6021D8C70D700E4CD74 /* Assets.xcassets in Resources */ = {isa = PBXBuildFile; fileRef = FC33A6011D8C70D700E4CD74 /* Assets.xcassets */; };
		FC33A6051D8C70D700E4CD74 /* LaunchScreen.storyboard in Resources */ = {isa = PBXBuildFile; fileRef = FC33A6031D8C70D700E4CD74 /* LaunchScreen.storyboard */; };
		FC33A6141D8C7D0B00E4CD74 /* Store+CoreDataClass.swift in Sources */ = {isa = PBXBuildFile; fileRef = FC33A60C1D8C7D0B00E4CD74 /* Store+CoreDataClass.swift */; };
		FC33A6151D8C7D0B00E4CD74 /* Store+CoreDataProperties.swift in Sources */ = {isa = PBXBuildFile; fileRef = FC33A60D1D8C7D0B00E4CD74 /* Store+CoreDataProperties.swift */; };
		FC33A6161D8C7D0B00E4CD74 /* Category+CoreDataClass.swift in Sources */ = {isa = PBXBuildFile; fileRef = FC33A60E1D8C7D0B00E4CD74 /* Category+CoreDataClass.swift */; };
		FC33A6171D8C7D0B00E4CD74 /* Category+CoreDataProperties.swift in Sources */ = {isa = PBXBuildFile; fileRef = FC33A60F1D8C7D0B00E4CD74 /* Category+CoreDataProperties.swift */; };
		FC33A6181D8C7D0B00E4CD74 /* Image+CoreDataClass.swift in Sources */ = {isa = PBXBuildFile; fileRef = FC33A6101D8C7D0B00E4CD74 /* Image+CoreDataClass.swift */; };
		FC33A6191D8C7D0B00E4CD74 /* Image+CoreDataProperties.swift in Sources */ = {isa = PBXBuildFile; fileRef = FC33A6111D8C7D0B00E4CD74 /* Image+CoreDataProperties.swift */; };
		FC33A61A1D8C7D0B00E4CD74 /* Item+CoreDataClass.swift in Sources */ = {isa = PBXBuildFile; fileRef = FC33A6121D8C7D0B00E4CD74 /* Item+CoreDataClass.swift */; };
		FC33A61B1D8C7D0B00E4CD74 /* Item+CoreDataProperties.swift in Sources */ = {isa = PBXBuildFile; fileRef = FC33A6131D8C7D0B00E4CD74 /* Item+CoreDataProperties.swift */; };
		FC33A6211D8CACBC00E4CD74 /* MaterialView.swift in Sources */ = {isa = PBXBuildFile; fileRef = FC33A6201D8CACBA00E4CD74 /* MaterialView.swift */; };
		FC33A6241D8CB22400E4CD74 /* MaterialCellTableViewCell.swift in Sources */ = {isa = PBXBuildFile; fileRef = FC33A6231D8CB22400E4CD74 /* MaterialCellTableViewCell.swift */; };
		FC33A6261D8CB6E800E4CD74 /* MainViewController.swift in Sources */ = {isa = PBXBuildFile; fileRef = FC33A6251D8CB6E800E4CD74 /* MainViewController.swift */; };
/* End PBXBuildFile section */

/* Begin PBXFileReference section */
		FC33A5F41D8C70D600E4CD74 /* DreamTing.app */ = {isa = PBXFileReference; explicitFileType = wrapper.application; includeInIndex = 0; path = DreamTing.app; sourceTree = BUILT_PRODUCTS_DIR; };
		FC33A5F71D8C70D600E4CD74 /* AppDelegate.swift */ = {isa = PBXFileReference; lastKnownFileType = sourcecode.swift; path = AppDelegate.swift; sourceTree = "<group>"; };
		FC33A5FC1D8C70D700E4CD74 /* Base */ = {isa = PBXFileReference; lastKnownFileType = file.storyboard; name = Base; path = Base.lproj/Main.storyboard; sourceTree = "<group>"; };
		FC33A5FF1D8C70D700E4CD74 /* DreamTing.xcdatamodel */ = {isa = PBXFileReference; lastKnownFileType = wrapper.xcdatamodel; path = DreamTing.xcdatamodel; sourceTree = "<group>"; };
		FC33A6011D8C70D700E4CD74 /* Assets.xcassets */ = {isa = PBXFileReference; lastKnownFileType = folder.assetcatalog; path = Assets.xcassets; sourceTree = "<group>"; };
		FC33A6041D8C70D700E4CD74 /* Base */ = {isa = PBXFileReference; lastKnownFileType = file.storyboard; name = Base; path = Base.lproj/LaunchScreen.storyboard; sourceTree = "<group>"; };
		FC33A6061D8C70D700E4CD74 /* Info.plist */ = {isa = PBXFileReference; lastKnownFileType = text.plist.xml; path = Info.plist; sourceTree = "<group>"; };
		FC33A60C1D8C7D0B00E4CD74 /* Store+CoreDataClass.swift */ = {isa = PBXFileReference; fileEncoding = 4; lastKnownFileType = sourcecode.swift; name = "Store+CoreDataClass.swift"; path = "../Store+CoreDataClass.swift"; sourceTree = "<group>"; };
		FC33A60D1D8C7D0B00E4CD74 /* Store+CoreDataProperties.swift */ = {isa = PBXFileReference; fileEncoding = 4; lastKnownFileType = sourcecode.swift; name = "Store+CoreDataProperties.swift"; path = "../Store+CoreDataProperties.swift"; sourceTree = "<group>"; };
		FC33A60E1D8C7D0B00E4CD74 /* Category+CoreDataClass.swift */ = {isa = PBXFileReference; fileEncoding = 4; lastKnownFileType = sourcecode.swift; name = "Category+CoreDataClass.swift"; path = "../Category+CoreDataClass.swift"; sourceTree = "<group>"; };
		FC33A60F1D8C7D0B00E4CD74 /* Category+CoreDataProperties.swift */ = {isa = PBXFileReference; fileEncoding = 4; lastKnownFileType = sourcecode.swift; name = "Category+CoreDataProperties.swift"; path = "../Category+CoreDataProperties.swift"; sourceTree = "<group>"; };
		FC33A6101D8C7D0B00E4CD74 /* Image+CoreDataClass.swift */ = {isa = PBXFileReference; fileEncoding = 4; lastKnownFileType = sourcecode.swift; name = "Image+CoreDataClass.swift"; path = "../Image+CoreDataClass.swift"; sourceTree = "<group>"; };
		FC33A6111D8C7D0B00E4CD74 /* Image+CoreDataProperties.swift */ = {isa = PBXFileReference; fileEncoding = 4; lastKnownFileType = sourcecode.swift; name = "Image+CoreDataProperties.swift"; path = "../Image+CoreDataProperties.swift"; sourceTree = "<group>"; };
		FC33A6121D8C7D0B00E4CD74 /* Item+CoreDataClass.swift */ = {isa = PBXFileReference; fileEncoding = 4; lastKnownFileType = sourcecode.swift; name = "Item+CoreDataClass.swift"; path = "../Item+CoreDataClass.swift"; sourceTree = "<group>"; };
		FC33A6131D8C7D0B00E4CD74 /* Item+CoreDataProperties.swift */ = {isa = PBXFileReference; fileEncoding = 4; lastKnownFileType = sourcecode.swift; name = "Item+CoreDataProperties.swift"; path = "../Item+CoreDataProperties.swift"; sourceTree = "<group>"; };
		FC33A6201D8CACBA00E4CD74 /* MaterialView.swift */ = {isa = PBXFileReference; fileEncoding = 4; lastKnownFileType = sourcecode.swift; path = MaterialView.swift; sourceTree = "<group>"; };
		FC33A6231D8CB22400E4CD74 /* MaterialCellTableViewCell.swift */ = {isa = PBXFileReference; fileEncoding = 4; lastKnownFileType = sourcecode.swift; path = MaterialCellTableViewCell.swift; sourceTree = "<group>"; };
		FC33A6251D8CB6E800E4CD74 /* MainViewController.swift */ = {isa = PBXFileReference; fileEncoding = 4; lastKnownFileType = sourcecode.swift; path = MainViewController.swift; sourceTree = "<group>"; };
/* End PBXFileReference section */

/* Begin PBXFrameworksBuildPhase section */
		FC33A5F11D8C70D400E4CD74 /* Frameworks */ = {
			isa = PBXFrameworksBuildPhase;
			buildActionMask = 2147483647;
			files = (
			);
			runOnlyForDeploymentPostprocessing = 0;
		};
/* End PBXFrameworksBuildPhase section */

/* Begin PBXGroup section */
		FC33A5EB1D8C70D400E4CD74 = {
			isa = PBXGroup;
			children = (
				FC33A5F61D8C70D600E4CD74 /* DreamTing */,
				FC33A5F51D8C70D600E4CD74 /* Products */,
			);
			sourceTree = "<group>";
		};
		FC33A5F51D8C70D600E4CD74 /* Products */ = {
			isa = PBXGroup;
			children = (
				FC33A5F41D8C70D600E4CD74 /* DreamTing.app */,
			);
			name = Products;
			sourceTree = "<group>";
		};
		FC33A5F61D8C70D600E4CD74 /* DreamTing */ = {
			isa = PBXGroup;
			children = (
				FC33A6221D8CB1E900E4CD74 /* Cells */,
				FC33A61F1D8C9DDB00E4CD74 /* Views */,
				FC33A61E1D8C9DCD00E4CD74 /* Controllers */,
				FC33A61C1D8C7D4000E4CD74 /* Models */,
				FC33A5F71D8C70D600E4CD74 /* AppDelegate.swift */,
				FC33A5FB1D8C70D700E4CD74 /* Main.storyboard */,
				FC33A6011D8C70D700E4CD74 /* Assets.xcassets */,
				FC33A6031D8C70D700E4CD74 /* LaunchScreen.storyboard */,
				FC33A6061D8C70D700E4CD74 /* Info.plist */,
				FC33A5FE1D8C70D700E4CD74 /* DreamTing.xcdatamodeld */,
			);
			path = DreamTing;
			sourceTree = "<group>";
		};
		FC33A61C1D8C7D4000E4CD74 /* Models */ = {
			isa = PBXGroup;
			children = (
				FC33A60C1D8C7D0B00E4CD74 /* Store+CoreDataClass.swift */,
				FC33A60E1D8C7D0B00E4CD74 /* Category+CoreDataClass.swift */,
				FC33A6101D8C7D0B00E4CD74 /* Image+CoreDataClass.swift */,
				FC33A6121D8C7D0B00E4CD74 /* Item+CoreDataClass.swift */,
				FC33A61D1D8C7D5300E4CD74 /* Extensions */,
			);
			name = Models;
			sourceTree = "<group>";
		};
		FC33A61D1D8C7D5300E4CD74 /* Extensions */ = {
			isa = PBXGroup;
			children = (
				FC33A60D1D8C7D0B00E4CD74 /* Store+CoreDataProperties.swift */,
				FC33A60F1D8C7D0B00E4CD74 /* Category+CoreDataProperties.swift */,
				FC33A6111D8C7D0B00E4CD74 /* Image+CoreDataProperties.swift */,
				FC33A6131D8C7D0B00E4CD74 /* Item+CoreDataProperties.swift */,
			);
			name = Extensions;
			sourceTree = "<group>";
		};
		FC33A61E1D8C9DCD00E4CD74 /* Controllers */ = {
			isa = PBXGroup;
			children = (
				FC33A6251D8CB6E800E4CD74 /* MainViewController.swift */,
			);
			name = Controllers;
			sourceTree = "<group>";
		};
		FC33A61F1D8C9DDB00E4CD74 /* Views */ = {
			isa = PBXGroup;
			children = (
				FC33A6201D8CACBA00E4CD74 /* MaterialView.swift */,
			);
			name = Views;
			sourceTree = "<group>";
		};
		FC33A6221D8CB1E900E4CD74 /* Cells */ = {
			isa = PBXGroup;
			children = (
				FC33A6231D8CB22400E4CD74 /* MaterialCellTableViewCell.swift */,
			);
			name = Cells;
			sourceTree = "<group>";
		};
/* End PBXGroup section */

/* Begin PBXNativeTarget section */
		FC33A5F31D8C70D400E4CD74 /* DreamTing */ = {
			isa = PBXNativeTarget;
			buildConfigurationList = FC33A6091D8C70D700E4CD74 /* Build configuration list for PBXNativeTarget "DreamTing" */;
			buildPhases = (
				FC33A5F01D8C70D400E4CD74 /* Sources */,
				FC33A5F11D8C70D400E4CD74 /* Frameworks */,
				FC33A5F21D8C70D400E4CD74 /* Resources */,
			);
			buildRules = (
			);
			dependencies = (
			);
			name = DreamTing;
			productName = DreamTing;
			productReference = FC33A5F41D8C70D600E4CD74 /* DreamTing.app */;
			productType = "com.apple.product-type.application";
		};
/* End PBXNativeTarget section */

/* Begin PBXProject section */
		FC33A5EC1D8C70D400E4CD74 /* Project object */ = {
			isa = PBXProject;
			attributes = {
				LastSwiftUpdateCheck = 0800;
				LastUpgradeCheck = 0800;
				ORGANIZATIONNAME = "Mikael Teklehaimanot";
				TargetAttributes = {
					FC33A5F31D8C70D400E4CD74 = {
						CreatedOnToolsVersion = 8.0;
						DevelopmentTeam = 2WAWR77T4M;
						ProvisioningStyle = Automatic;
					};
				};
			};
			buildConfigurationList = FC33A5EF1D8C70D400E4CD74 /* Build configuration list for PBXProject "DreamTing" */;
			compatibilityVersion = "Xcode 3.2";
			developmentRegion = English;
			hasScannedForEncodings = 0;
			knownRegions = (
				en,
				Base,
			);
			mainGroup = FC33A5EB1D8C70D400E4CD74;
			productRefGroup = FC33A5F51D8C70D600E4CD74 /* Products */;
			projectDirPath = "";
			projectRoot = "";
			targets = (
				FC33A5F31D8C70D400E4CD74 /* DreamTing */,
			);
		};
/* End PBXProject section */

/* Begin PBXResourcesBuildPhase section */
		FC33A5F21D8C70D400E4CD74 /* Resources */ = {
			isa = PBXResourcesBuildPhase;
			buildActionMask = 2147483647;
			files = (
				FC33A6051D8C70D700E4CD74 /* LaunchScreen.storyboard in Resources */,
				FC33A6021D8C70D700E4CD74 /* Assets.xcassets in Resources */,
				FC33A5FD1D8C70D700E4CD74 /* Main.storyboard in Resources */,
			);
			runOnlyForDeploymentPostprocessing = 0;
		};
/* End PBXResourcesBuildPhase section */

/* Begin PBXSourcesBuildPhase section */
		FC33A5F01D8C70D400E4CD74 /* Sources */ = {
			isa = PBXSourcesBuildPhase;
			buildActionMask = 2147483647;
			files = (
				FC33A61A1D8C7D0B00E4CD74 /* Item+CoreDataClass.swift in Sources */,
				FC33A6261D8CB6E800E4CD74 /* MainViewController.swift in Sources */,
				FC33A6191D8C7D0B00E4CD74 /* Image+CoreDataProperties.swift in Sources */,
				FC33A6241D8CB22400E4CD74 /* MaterialCellTableViewCell.swift in Sources */,
				FC33A6171D8C7D0B00E4CD74 /* Category+CoreDataProperties.swift in Sources */,
				FC33A6211D8CACBC00E4CD74 /* MaterialView.swift in Sources */,
				FC33A6151D8C7D0B00E4CD74 /* Store+CoreDataProperties.swift in Sources */,
				FC33A6161D8C7D0B00E4CD74 /* Category+CoreDataClass.swift in Sources */,
				FC33A6181D8C7D0B00E4CD74 /* Image+CoreDataClass.swift in Sources */,
				FC33A6001D8C70D700E4CD74 /* DreamTing.xcdatamodeld in Sources */,
				FC33A6141D8C7D0B00E4CD74 /* Store+CoreDataClass.swift in Sources */,
				FC33A61B1D8C7D0B00E4CD74 /* Item+CoreDataProperties.swift in Sources */,
				FC33A5F81D8C70D600E4CD74 /* AppDelegate.swift in Sources */,
			);
			runOnlyForDeploymentPostprocessing = 0;
		};
/* End PBXSourcesBuildPhase section */

/* Begin PBXVariantGroup section */
		FC33A5FB1D8C70D700E4CD74 /* Main.storyboard */ = {
			isa = PBXVariantGroup;
			children = (
				FC33A5FC1D8C70D700E4CD74 /* Base */,
			);
			name = Main.storyboard;
			sourceTree = "<group>";
		};
		FC33A6031D8C70D700E4CD74 /* LaunchScreen.storyboard */ = {
			isa = PBXVariantGroup;
			children = (
				FC33A6041D8C70D700E4CD74 /* Base */,
			);
			name = LaunchScreen.storyboard;
			sourceTree = "<group>";
		};
/* End PBXVariantGroup section */

/* Begin XCBuildConfiguration section */
		FC33A6071D8C70D700E4CD74 /* Debug */ = {
			isa = XCBuildConfiguration;
			buildSettings = {
				ALWAYS_SEARCH_USER_PATHS = NO;
				CLANG_ANALYZER_NONNULL = YES;
				CLANG_CXX_LANGUAGE_STANDARD = "gnu++0x";
				CLANG_CXX_LIBRARY = "libc++";
				CLANG_ENABLE_MODULES = YES;
				CLANG_ENABLE_OBJC_ARC = YES;
				CLANG_WARN_BOOL_CONVERSION = YES;
				CLANG_WARN_CONSTANT_CONVERSION = YES;
				CLANG_WARN_DIRECT_OBJC_ISA_USAGE = YES_ERROR;
				CLANG_WARN_DOCUMENTATION_COMMENTS = YES;
				CLANG_WARN_EMPTY_BODY = YES;
				CLANG_WARN_ENUM_CONVERSION = YES;
				CLANG_WARN_INFINITE_RECURSION = YES;
				CLANG_WARN_INT_CONVERSION = YES;
				CLANG_WARN_OBJC_ROOT_CLASS = YES_ERROR;
				CLANG_WARN_SUSPICIOUS_MOVES = YES;
				CLANG_WARN_UNREACHABLE_CODE = YES;
				CLANG_WARN__DUPLICATE_METHOD_MATCH = YES;
				"CODE_SIGN_IDENTITY[sdk=iphoneos*]" = "iPhone Developer";
				COPY_PHASE_STRIP = NO;
				DEBUG_INFORMATION_FORMAT = dwarf;
				ENABLE_STRICT_OBJC_MSGSEND = YES;
				ENABLE_TESTABILITY = YES;
				GCC_C_LANGUAGE_STANDARD = gnu99;
				GCC_DYNAMIC_NO_PIC = NO;
				GCC_NO_COMMON_BLOCKS = YES;
				GCC_OPTIMIZATION_LEVEL = 0;
				GCC_PREPROCESSOR_DEFINITIONS = (
					"DEBUG=1",
					"$(inherited)",
				);
				GCC_WARN_64_TO_32_BIT_CONVERSION = YES;
				GCC_WARN_ABOUT_RETURN_TYPE = YES_ERROR;
				GCC_WARN_UNDECLARED_SELECTOR = YES;
				GCC_WARN_UNINITIALIZED_AUTOS = YES_AGGRESSIVE;
				GCC_WARN_UNUSED_FUNCTION = YES;
				GCC_WARN_UNUSED_VARIABLE = YES;
				IPHONEOS_DEPLOYMENT_TARGET = 10.0;
				MTL_ENABLE_DEBUG_INFO = YES;
				ONLY_ACTIVE_ARCH = YES;
				SDKROOT = iphoneos;
				SWIFT_ACTIVE_COMPILATION_CONDITIONS = DEBUG;
				SWIFT_OPTIMIZATION_LEVEL = "-Onone";
			};
			name = Debug;
		};
		FC33A6081D8C70D700E4CD74 /* Release */ = {
			isa = XCBuildConfiguration;
			buildSettings = {
				ALWAYS_SEARCH_USER_PATHS = NO;
				CLANG_ANALYZER_NONNULL = YES;
				CLANG_CXX_LANGUAGE_STANDARD = "gnu++0x";
				CLANG_CXX_LIBRARY = "libc++";
				CLANG_ENABLE_MODULES = YES;
				CLANG_ENABLE_OBJC_ARC = YES;
				CLANG_WARN_BOOL_CONVERSION = YES;
				CLANG_WARN_CONSTANT_CONVERSION = YES;
				CLANG_WARN_DIRECT_OBJC_ISA_USAGE = YES_ERROR;
				CLANG_WARN_DOCUMENTATION_COMMENTS = YES;
				CLANG_WARN_EMPTY_BODY = YES;
				CLANG_WARN_ENUM_CONVERSION = YES;
				CLANG_WARN_INFINITE_RECURSION = YES;
				CLANG_WARN_INT_CONVERSION = YES;
				CLANG_WARN_OBJC_ROOT_CLASS = YES_ERROR;
				CLANG_WARN_SUSPICIOUS_MOVES = YES;
				CLANG_WARN_UNREACHABLE_CODE = YES;
				CLANG_WARN__DUPLICATE_METHOD_MATCH = YES;
				"CODE_SIGN_IDENTITY[sdk=iphoneos*]" = "iPhone Developer";
				COPY_PHASE_STRIP = NO;
				DEBUG_INFORMATION_FORMAT = "dwarf-with-dsym";
				ENABLE_NS_ASSERTIONS = NO;
				ENABLE_STRICT_OBJC_MSGSEND = YES;
				GCC_C_LANGUAGE_STANDARD = gnu99;
				GCC_NO_COMMON_BLOCKS = YES;
				GCC_WARN_64_TO_32_BIT_CONVERSION = YES;
				GCC_WARN_ABOUT_RETURN_TYPE = YES_ERROR;
				GCC_WARN_UNDECLARED_SELECTOR = YES;
				GCC_WARN_UNINITIALIZED_AUTOS = YES_AGGRESSIVE;
				GCC_WARN_UNUSED_FUNCTION = YES;
				GCC_WARN_UNUSED_VARIABLE = YES;
				IPHONEOS_DEPLOYMENT_TARGET = 10.0;
				MTL_ENABLE_DEBUG_INFO = NO;
				SDKROOT = iphoneos;
				SWIFT_OPTIMIZATION_LEVEL = "-Owholemodule";
				VALIDATE_PRODUCT = YES;
			};
			name = Release;
		};
		FC33A60A1D8C70D700E4CD74 /* Debug */ = {
			isa = XCBuildConfiguration;
			buildSettings = {
				ASSETCATALOG_COMPILER_APPICON_NAME = AppIcon;
				DEVELOPMENT_TEAM = 2WAWR77T4M;
				INFOPLIST_FILE = DreamTing/Info.plist;
				IPHONEOS_DEPLOYMENT_TARGET = 10.0;
				LD_RUNPATH_SEARCH_PATHS = "$(inherited) @executable_path/Frameworks";
				PRODUCT_BUNDLE_IDENTIFIER = io.mikael.DreamTing;
				PRODUCT_NAME = "$(TARGET_NAME)";
				SWIFT_VERSION = 3.0;
			};
			name = Debug;
		};
		FC33A60B1D8C70D700E4CD74 /* Release */ = {
			isa = XCBuildConfiguration;
			buildSettings = {
				ASSETCATALOG_COMPILER_APPICON_NAME = AppIcon;
				DEVELOPMENT_TEAM = 2WAWR77T4M;
				INFOPLIST_FILE = DreamTing/Info.plist;
				IPHONEOS_DEPLOYMENT_TARGET = 10.0;
				LD_RUNPATH_SEARCH_PATHS = "$(inherited) @executable_path/Frameworks";
				PRODUCT_BUNDLE_IDENTIFIER = io.mikael.DreamTing;
				PRODUCT_NAME = "$(TARGET_NAME)";
				SWIFT_VERSION = 3.0;
			};
			name = Release;
		};
/* End XCBuildConfiguration section */

/* Begin XCConfigurationList section */
		FC33A5EF1D8C70D400E4CD74 /* Build configuration list for PBXProject "DreamTing" */ = {
			isa = XCConfigurationList;
			buildConfigurations = (
				FC33A6071D8C70D700E4CD74 /* Debug */,
				FC33A6081D8C70D700E4CD74 /* Release */,
			);
			defaultConfigurationIsVisible = 0;
			defaultConfigurationName = Release;
		};
		FC33A6091D8C70D700E4CD74 /* Build configuration list for PBXNativeTarget "DreamTing" */ = {
			isa = XCConfigurationList;
			buildConfigurations = (
				FC33A60A1D8C70D700E4CD74 /* Debug */,
				FC33A60B1D8C70D700E4CD74 /* Release */,
			);
			defaultConfigurationIsVisible = 0;
			defaultConfigurationName = Release;
		};
/* End XCConfigurationList section */

/* Begin XCVersionGroup section */
		FC33A5FE1D8C70D700E4CD74 /* DreamTing.xcdatamodeld */ = {
			isa = XCVersionGroup;
			children = (
				FC33A5FF1D8C70D700E4CD74 /* DreamTing.xcdatamodel */,
			);
			currentVersion = FC33A5FF1D8C70D700E4CD74 /* DreamTing.xcdatamodel */;
			path = DreamTing.xcdatamodeld;
			sourceTree = "<group>";
			versionGroupType = wrapper.xcdatamodel;
		};
/* End XCVersionGroup section */
	};
	rootObject = FC33A5EC1D8C70D400E4CD74 /* Project object */;
}
